
Microsoft Visual Studio Solution File, Format Version 12.00
# Visual Studio Version 16
VisualStudioVersion = 16.0.30717.126
MinimumVisualStudioVersion = 10.0.40219.1
Project("{FAE04EC0-301F-11D3-BF4B-00C04F79EFBC}") = "MatchGame", "MatchGame\MatchGame.csproj", "{ADF034F5-6D81-43F6-80D8-BE89B2ACF347}"
EndProject
Global
	GlobalSection(SolutionConfigurationPlatforms) = preSolution
		Debug|Any CPU = Debug|Any CPU
		Release|Any CPU = Release|Any CPU
	EndGlobalSection
	GlobalSection(ProjectConfigurationPlatforms) = postSolution
		{ADF034F5-6D81-43F6-80D8-BE89B2ACF347}.Debug|Any CPU.ActiveCfg = Debug|Any CPU
		{ADF034F5-6D81-43F6-80D8-BE89B2ACF347}.Debug|Any CPU.Build.0 = Debug|Any CPU
		{ADF034F5-6D81-43F6-80D8-BE89B2ACF347}.Release|Any CPU.ActiveCfg = Release|Any CPU
		{ADF034F5-6D81-43F6-80D8-BE89B2ACF347}.Release|Any CPU.Build.0 = Release|Any CPU
	EndGlobalSection
	GlobalSection(SolutionProperties) = preSolution
		HideSolutionNode = FALSE
	EndGlobalSection
	GlobalSection(ExtensibilityGlobals) = postSolution
		SolutionGuid = {A2C4C437-B9D1-4BC0-A13A-12D87148B2D0}
	EndGlobalSection
EndGlobal
